
Microsoft Visual Studio Solution File, Format Version 12.00
Project("{FAE04EC0-301F-11D3-BF4B-00C04F79EFBC}") = "NTSBælte", "NTSBælte\NTSBælte.csproj", "{CC938E9D-BB43-459A-984E-CA8587E3CB50}"
EndProject
Project("{FAE04EC0-301F-11D3-BF4B-00C04F79EFBC}") = "NTSArmbånd", "NTSArmbånd\NTSArmbånd.csproj", "{2D8166D3-94D4-4A87-AFD9-52B893DC3063}"
EndProject
Project("{FAE04EC0-301F-11D3-BF4B-00C04F79EFBC}") = "APresentationA", "APresentationA\APresentationA.csproj", "{6567044E-FAE5-4209-86A9-A61B0C3E1942}"
EndProject
Project("{FAE04EC0-301F-11D3-BF4B-00C04F79EFBC}") = "APresentationB", "APresentationB\APresentationB.csproj", "{01B9FDE7-6B1F-47BC-ADBB-78BA65CF1A9C}"
EndProject
Project("{FAE04EC0-301F-11D3-BF4B-00C04F79EFBC}") = "BusinessLogicB", "BusinessLogicB\BusinessLogicB.csproj", "{99E688D2-4BCA-427C-BAFC-4F2B67DBB54A}"
EndProject
Project("{FAE04EC0-301F-11D3-BF4B-00C04F79EFBC}") = "DataA", "DataA\DataA.csproj", "{E5D8787D-48B1-422E-B36D-27F9C3247D5E}"
EndProject
Project("{FAE04EC0-301F-11D3-BF4B-00C04F79EFBC}") = "DataB", "DataB\DataB.csproj", "{9491D4E8-17E8-4629-8A88-DD555AE3EDF4}"
EndProject
Project("{2150E333-8FDC-42A3-9474-1A3956D46DE8}") = "Bælte", "Bælte", "{4C20F79A-F1EF-4C25-A925-76D91C6EFE6D}"
EndProject
Project("{2150E333-8FDC-42A3-9474-1A3956D46DE8}") = "Armbånd", "Armbånd", "{8F757F99-E066-4812-9248-F2CB0F90CEC5}"
EndProject
Project("{FAE04EC0-301F-11D3-BF4B-00C04F79EFBC}") = "BusinessLogicA", "BusinessLogicA\BusinessLogicA.csproj", "{D0390D37-5060-4006-854A-567E513117E7}"
EndProject
Project("{FAE04EC0-301F-11D3-BF4B-00C04F79EFBC}") = "WebServer", "WebServer\WebServer.csproj", "{110088A7-810A-408F-B9C5-C49731C38281}"
EndProject
Global
	GlobalSection(SolutionConfigurationPlatforms) = preSolution
		Debug|Any CPU = Debug|Any CPU
		Release|Any CPU = Release|Any CPU
	EndGlobalSection
	GlobalSection(ProjectConfigurationPlatforms) = postSolution
		{CC938E9D-BB43-459A-984E-CA8587E3CB50}.Debug|Any CPU.ActiveCfg = Debug|Any CPU
		{CC938E9D-BB43-459A-984E-CA8587E3CB50}.Debug|Any CPU.Build.0 = Debug|Any CPU
		{CC938E9D-BB43-459A-984E-CA8587E3CB50}.Release|Any CPU.ActiveCfg = Release|Any CPU
		{CC938E9D-BB43-459A-984E-CA8587E3CB50}.Release|Any CPU.Build.0 = Release|Any CPU
		{2D8166D3-94D4-4A87-AFD9-52B893DC3063}.Debug|Any CPU.ActiveCfg = Debug|Any CPU
		{2D8166D3-94D4-4A87-AFD9-52B893DC3063}.Debug|Any CPU.Build.0 = Debug|Any CPU
		{2D8166D3-94D4-4A87-AFD9-52B893DC3063}.Release|Any CPU.ActiveCfg = Release|Any CPU
		{2D8166D3-94D4-4A87-AFD9-52B893DC3063}.Release|Any CPU.Build.0 = Release|Any CPU
		{6567044E-FAE5-4209-86A9-A61B0C3E1942}.Debug|Any CPU.ActiveCfg = Debug|Any CPU
		{6567044E-FAE5-4209-86A9-A61B0C3E1942}.Debug|Any CPU.Build.0 = Debug|Any CPU
		{6567044E-FAE5-4209-86A9-A61B0C3E1942}.Release|Any CPU.ActiveCfg = Release|Any CPU
		{6567044E-FAE5-4209-86A9-A61B0C3E1942}.Release|Any CPU.Build.0 = Release|Any CPU
		{01B9FDE7-6B1F-47BC-ADBB-78BA65CF1A9C}.Debug|Any CPU.ActiveCfg = Debug|Any CPU
		{01B9FDE7-6B1F-47BC-ADBB-78BA65CF1A9C}.Debug|Any CPU.Build.0 = Debug|Any CPU
		{01B9FDE7-6B1F-47BC-ADBB-78BA65CF1A9C}.Release|Any CPU.ActiveCfg = Release|Any CPU
		{01B9FDE7-6B1F-47BC-ADBB-78BA65CF1A9C}.Release|Any CPU.Build.0 = Release|Any CPU
		{99E688D2-4BCA-427C-BAFC-4F2B67DBB54A}.Debug|Any CPU.ActiveCfg = Debug|Any CPU
		{99E688D2-4BCA-427C-BAFC-4F2B67DBB54A}.Debug|Any CPU.Build.0 = Debug|Any CPU
		{99E688D2-4BCA-427C-BAFC-4F2B67DBB54A}.Release|Any CPU.ActiveCfg = Release|Any CPU
		{99E688D2-4BCA-427C-BAFC-4F2B67DBB54A}.Release|Any CPU.Build.0 = Release|Any CPU
		{E5D8787D-48B1-422E-B36D-27F9C3247D5E}.Debug|Any CPU.ActiveCfg = Debug|Any CPU
		{E5D8787D-48B1-422E-B36D-27F9C3247D5E}.Debug|Any CPU.Build.0 = Debug|Any CPU
		{E5D8787D-48B1-422E-B36D-27F9C3247D5E}.Release|Any CPU.ActiveCfg = Release|Any CPU
		{E5D8787D-48B1-422E-B36D-27F9C3247D5E}.Release|Any CPU.Build.0 = Release|Any CPU
		{9491D4E8-17E8-4629-8A88-DD555AE3EDF4}.Debug|Any CPU.ActiveCfg = Debug|Any CPU
		{9491D4E8-17E8-4629-8A88-DD555AE3EDF4}.Debug|Any CPU.Build.0 = Debug|Any CPU
		{9491D4E8-17E8-4629-8A88-DD555AE3EDF4}.Release|Any CPU.ActiveCfg = Release|Any CPU
		{9491D4E8-17E8-4629-8A88-DD555AE3EDF4}.Release|Any CPU.Build.0 = Release|Any CPU
		{D0390D37-5060-4006-854A-567E513117E7}.Debug|Any CPU.ActiveCfg = Debug|Any CPU
		{D0390D37-5060-4006-854A-567E513117E7}.Debug|Any CPU.Build.0 = Debug|Any CPU
		{D0390D37-5060-4006-854A-567E513117E7}.Release|Any CPU.ActiveCfg = Release|Any CPU
		{D0390D37-5060-4006-854A-567E513117E7}.Release|Any CPU.Build.0 = Release|Any CPU
		{110088A7-810A-408F-B9C5-C49731C38281}.Debug|Any CPU.ActiveCfg = Debug|Any CPU
		{110088A7-810A-408F-B9C5-C49731C38281}.Debug|Any CPU.Build.0 = Debug|Any CPU
		{110088A7-810A-408F-B9C5-C49731C38281}.Release|Any CPU.ActiveCfg = Release|Any CPU
		{110088A7-810A-408F-B9C5-C49731C38281}.Release|Any CPU.Build.0 = Release|Any CPU
	EndGlobalSection
	GlobalSection(NestedProjects) = preSolution
		{6567044E-FAE5-4209-86A9-A61B0C3E1942} = {8F757F99-E066-4812-9248-F2CB0F90CEC5}
		{01B9FDE7-6B1F-47BC-ADBB-78BA65CF1A9C} = {4C20F79A-F1EF-4C25-A925-76D91C6EFE6D}
		{99E688D2-4BCA-427C-BAFC-4F2B67DBB54A} = {4C20F79A-F1EF-4C25-A925-76D91C6EFE6D}
		{E5D8787D-48B1-422E-B36D-27F9C3247D5E} = {8F757F99-E066-4812-9248-F2CB0F90CEC5}
		{9491D4E8-17E8-4629-8A88-DD555AE3EDF4} = {4C20F79A-F1EF-4C25-A925-76D91C6EFE6D}
		{2D8166D3-94D4-4A87-AFD9-52B893DC3063} = {8F757F99-E066-4812-9248-F2CB0F90CEC5}
		{CC938E9D-BB43-459A-984E-CA8587E3CB50} = {4C20F79A-F1EF-4C25-A925-76D91C6EFE6D}
		{D0390D37-5060-4006-854A-567E513117E7} = {8F757F99-E066-4812-9248-F2CB0F90CEC5}
	EndGlobalSection
EndGlobal
